
Microsoft Visual Studio Solution File, Format Version 12.00
# Visual Studio Version 16
VisualStudioVersion = 16.0.30621.155
MinimumVisualStudioVersion = 10.0.40219.1
Project("{9A19103F-16F7-4668-BE54-9A1E7A4F7556}") = "LabTest.Data", "LabTest.Data\LabTest.Data.csproj", "{2E103FA8-46D0-42D7-838C-79221B6852F2}"
EndProject
Project("{9A19103F-16F7-4668-BE54-9A1E7A4F7556}") = "LabTest.Service", "LabTest.Service\LabTest.Service.csproj", "{EC2184FA-37DB-41A8-A8E8-1D4F21E3C54C}"
EndProject
Project("{9A19103F-16F7-4668-BE54-9A1E7A4F7556}") = "LabTestWeb", "LabTestWeb\LabTestWeb.csproj", "{4217516F-2F0D-4FA2-A96A-A80FC19B237E}"
EndProject
Global
	GlobalSection(SolutionConfigurationPlatforms) = preSolution
		Debug|Any CPU = Debug|Any CPU
		Release|Any CPU = Release|Any CPU
	EndGlobalSection
	GlobalSection(ProjectConfigurationPlatforms) = postSolution
		{2E103FA8-46D0-42D7-838C-79221B6852F2}.Debug|Any CPU.ActiveCfg = Debug|Any CPU
		{2E103FA8-46D0-42D7-838C-79221B6852F2}.Debug|Any CPU.Build.0 = Debug|Any CPU
		{2E103FA8-46D0-42D7-838C-79221B6852F2}.Release|Any CPU.ActiveCfg = Release|Any CPU
		{2E103FA8-46D0-42D7-838C-79221B6852F2}.Release|Any CPU.Build.0 = Release|Any CPU
		{EC2184FA-37DB-41A8-A8E8-1D4F21E3C54C}.Debug|Any CPU.ActiveCfg = Debug|Any CPU
		{EC2184FA-37DB-41A8-A8E8-1D4F21E3C54C}.Debug|Any CPU.Build.0 = Debug|Any CPU
		{EC2184FA-37DB-41A8-A8E8-1D4F21E3C54C}.Release|Any CPU.ActiveCfg = Release|Any CPU
		{EC2184FA-37DB-41A8-A8E8-1D4F21E3C54C}.Release|Any CPU.Build.0 = Release|Any CPU
		{4217516F-2F0D-4FA2-A96A-A80FC19B237E}.Debug|Any CPU.ActiveCfg = Debug|Any CPU
		{4217516F-2F0D-4FA2-A96A-A80FC19B237E}.Debug|Any CPU.Build.0 = Debug|Any CPU
		{4217516F-2F0D-4FA2-A96A-A80FC19B237E}.Release|Any CPU.ActiveCfg = Release|Any CPU
		{4217516F-2F0D-4FA2-A96A-A80FC19B237E}.Release|Any CPU.Build.0 = Release|Any CPU
	EndGlobalSection
	GlobalSection(SolutionProperties) = preSolution
		HideSolutionNode = FALSE
	EndGlobalSection
	GlobalSection(ExtensibilityGlobals) = postSolution
		SolutionGuid = {14096720-82CC-4E0F-A480-A4AE51261C2C}
	EndGlobalSection
EndGlobal
